
Microsoft Visual Studio Solution File, Format Version 12.00
# Visual Studio Version 17
VisualStudioVersion = 17.9.34728.123
MinimumVisualStudioVersion = 10.0.40219.1
Project("{FAE04EC0-301F-11D3-BF4B-00C04F79EFBC}") = "EvaluacionLucky_Paucarpura", "EvaluacionLucky_Paucarpura.csproj", "{AA8C0DC0-AC55-4523-AF32-3D3058DCE649}"
EndProject
Global
	GlobalSection(SolutionConfigurationPlatforms) = preSolution
		Debug|Any CPU = Debug|Any CPU
		Release|Any CPU = Release|Any CPU
	EndGlobalSection
	GlobalSection(ProjectConfigurationPlatforms) = postSolution
		{AA8C0DC0-AC55-4523-AF32-3D3058DCE649}.Debug|Any CPU.ActiveCfg = Debug|Any CPU
		{AA8C0DC0-AC55-4523-AF32-3D3058DCE649}.Debug|Any CPU.Build.0 = Debug|Any CPU
		{AA8C0DC0-AC55-4523-AF32-3D3058DCE649}.Release|Any CPU.ActiveCfg = Release|Any CPU
		{AA8C0DC0-AC55-4523-AF32-3D3058DCE649}.Release|Any CPU.Build.0 = Release|Any CPU
	EndGlobalSection
	GlobalSection(SolutionProperties) = preSolution
		HideSolutionNode = FALSE
	EndGlobalSection
	GlobalSection(ExtensibilityGlobals) = postSolution
		SolutionGuid = {115220CA-AA76-4422-B6C3-2C011C90F093}
	EndGlobalSection
EndGlobal
